// !$*UTF8*$!
{
	archiveVersion = 1;
	classes = {
	};
	objectVersion = 50;
	objects = {

/* Begin PBXBuildFile section */
		FA5A498A2666C582005CC58E /* FooterView.swift in Sources */ = {isa = PBXBuildFile; fileRef = FA5A49892666C582005CC58E /* FooterView.swift */; };
		FA5A498D2666C5C2005CC58E /* Constraints.swift in Sources */ = {isa = PBXBuildFile; fileRef = FA5A498C2666C5C2005CC58E /* Constraints.swift */; };
		FA5A49902666CFF6005CC58E /* FilterViewController.swift in Sources */ = {isa = PBXBuildFile; fileRef = FA5A498F2666CFF6005CC58E /* FilterViewController.swift */; };
		FAC8BB2D266667AA00FE7F51 /* AppDelegate.swift in Sources */ = {isa = PBXBuildFile; fileRef = FAC8BB2C266667AA00FE7F51 /* AppDelegate.swift */; };
		FAC8BB2F266667AA00FE7F51 /* SceneDelegate.swift in Sources */ = {isa = PBXBuildFile; fileRef = FAC8BB2E266667AA00FE7F51 /* SceneDelegate.swift */; };
		FAC8BB31266667AA00FE7F51 /* DrinksViewController.swift in Sources */ = {isa = PBXBuildFile; fileRef = FAC8BB30266667AA00FE7F51 /* DrinksViewController.swift */; };
		FAC8BB34266667AA00FE7F51 /* Main.storyboard in Resources */ = {isa = PBXBuildFile; fileRef = FAC8BB32266667AA00FE7F51 /* Main.storyboard */; };
		FAC8BB36266667AC00FE7F51 /* Assets.xcassets in Resources */ = {isa = PBXBuildFile; fileRef = FAC8BB35266667AC00FE7F51 /* Assets.xcassets */; };
		FAC8BB39266667AC00FE7F51 /* LaunchScreen.storyboard in Resources */ = {isa = PBXBuildFile; fileRef = FAC8BB37266667AC00FE7F51 /* LaunchScreen.storyboard */; };
		FAC8BB452666684B00FE7F51 /* NetworkManager.swift in Sources */ = {isa = PBXBuildFile; fileRef = FAC8BB442666684B00FE7F51 /* NetworkManager.swift */; };
		FAC8BB4D26667D0100FE7F51 /* Categories.swift in Sources */ = {isa = PBXBuildFile; fileRef = FAC8BB4A26667D0000FE7F51 /* Categories.swift */; };
		FAC8BB4E26667D0100FE7F51 /* DrinksForCategory.swift in Sources */ = {isa = PBXBuildFile; fileRef = FAC8BB4B26667D0000FE7F51 /* DrinksForCategory.swift */; };
		FAC8BB4F26667D0100FE7F51 /* Drinks.swift in Sources */ = {isa = PBXBuildFile; fileRef = FAC8BB4C26667D0100FE7F51 /* Drinks.swift */; };
		FAC8BB57266686CB00FE7F51 /* Settings.swift in Sources */ = {isa = PBXBuildFile; fileRef = FAC8BB56266686CB00FE7F51 /* Settings.swift */; };
		FAC8BB5E2666A47D00FE7F51 /* CustomImageView.swift in Sources */ = {isa = PBXBuildFile; fileRef = FAC8BB5D2666A47D00FE7F51 /* CustomImageView.swift */; };
		FAC8BB622666A4B400FE7F51 /* DrinkViewCell.swift in Sources */ = {isa = PBXBuildFile; fileRef = FAC8BB612666A4B400FE7F51 /* DrinkViewCell.swift */; };
/* End PBXBuildFile section */

/* Begin PBXFileReference section */
		FA5A49892666C582005CC58E /* FooterView.swift */ = {isa = PBXFileReference; lastKnownFileType = sourcecode.swift; path = FooterView.swift; sourceTree = "<group>"; };
		FA5A498C2666C5C2005CC58E /* Constraints.swift */ = {isa = PBXFileReference; lastKnownFileType = sourcecode.swift; path = Constraints.swift; sourceTree = "<group>"; };
		FA5A498F2666CFF6005CC58E /* FilterViewController.swift */ = {isa = PBXFileReference; lastKnownFileType = sourcecode.swift; path = FilterViewController.swift; sourceTree = "<group>"; };
		FAC8BB29266667AA00FE7F51 /* CocktailDBTestApp.app */ = {isa = PBXFileReference; explicitFileType = wrapper.application; includeInIndex = 0; path = CocktailDBTestApp.app; sourceTree = BUILT_PRODUCTS_DIR; };
		FAC8BB2C266667AA00FE7F51 /* AppDelegate.swift */ = {isa = PBXFileReference; lastKnownFileType = sourcecode.swift; path = AppDelegate.swift; sourceTree = "<group>"; };
		FAC8BB2E266667AA00FE7F51 /* SceneDelegate.swift */ = {isa = PBXFileReference; lastKnownFileType = sourcecode.swift; path = SceneDelegate.swift; sourceTree = "<group>"; };
		FAC8BB30266667AA00FE7F51 /* DrinksViewController.swift */ = {isa = PBXFileReference; lastKnownFileType = sourcecode.swift; path = DrinksViewController.swift; sourceTree = "<group>"; };
		FAC8BB33266667AA00FE7F51 /* Base */ = {isa = PBXFileReference; lastKnownFileType = file.storyboard; name = Base; path = Base.lproj/Main.storyboard; sourceTree = "<group>"; };
		FAC8BB35266667AC00FE7F51 /* Assets.xcassets */ = {isa = PBXFileReference; lastKnownFileType = folder.assetcatalog; path = Assets.xcassets; sourceTree = "<group>"; };
		FAC8BB38266667AC00FE7F51 /* Base */ = {isa = PBXFileReference; lastKnownFileType = file.storyboard; name = Base; path = Base.lproj/LaunchScreen.storyboard; sourceTree = "<group>"; };
		FAC8BB3A266667AC00FE7F51 /* Info.plist */ = {isa = PBXFileReference; lastKnownFileType = text.plist.xml; path = Info.plist; sourceTree = "<group>"; };
		FAC8BB442666684B00FE7F51 /* NetworkManager.swift */ = {isa = PBXFileReference; lastKnownFileType = sourcecode.swift; path = NetworkManager.swift; sourceTree = "<group>"; };
		FAC8BB4A26667D0000FE7F51 /* Categories.swift */ = {isa = PBXFileReference; lastKnownFileType = sourcecode.swift; path = Categories.swift; sourceTree = "<group>"; };
		FAC8BB4B26667D0000FE7F51 /* DrinksForCategory.swift */ = {isa = PBXFileReference; lastKnownFileType = sourcecode.swift; path = DrinksForCategory.swift; sourceTree = "<group>"; };
		FAC8BB4C26667D0100FE7F51 /* Drinks.swift */ = {isa = PBXFileReference; lastKnownFileType = sourcecode.swift; path = Drinks.swift; sourceTree = "<group>"; };
		FAC8BB56266686CB00FE7F51 /* Settings.swift */ = {isa = PBXFileReference; lastKnownFileType = sourcecode.swift; path = Settings.swift; sourceTree = "<group>"; };
		FAC8BB5D2666A47D00FE7F51 /* CustomImageView.swift */ = {isa = PBXFileReference; lastKnownFileType = sourcecode.swift; path = CustomImageView.swift; sourceTree = "<group>"; };
		FAC8BB612666A4B400FE7F51 /* DrinkViewCell.swift */ = {isa = PBXFileReference; lastKnownFileType = sourcecode.swift; path = DrinkViewCell.swift; sourceTree = "<group>"; };
/* End PBXFileReference section */

/* Begin PBXFrameworksBuildPhase section */
		FAC8BB26266667AA00FE7F51 /* Frameworks */ = {
			isa = PBXFrameworksBuildPhase;
			buildActionMask = 2147483647;
			files = (
			);
			runOnlyForDeploymentPostprocessing = 0;
		};
/* End PBXFrameworksBuildPhase section */

/* Begin PBXGroup section */
		FAC8BB20266667AA00FE7F51 = {
			isa = PBXGroup;
			children = (
				FAC8BB2B266667AA00FE7F51 /* CocktailDBTestApp */,
				FAC8BB2A266667AA00FE7F51 /* Products */,
			);
			sourceTree = "<group>";
		};
		FAC8BB2A266667AA00FE7F51 /* Products */ = {
			isa = PBXGroup;
			children = (
				FAC8BB29266667AA00FE7F51 /* CocktailDBTestApp.app */,
			);
			name = Products;
			sourceTree = "<group>";
		};
		FAC8BB2B266667AA00FE7F51 /* CocktailDBTestApp */ = {
			isa = PBXGroup;
			children = (
				FAC8BB2C266667AA00FE7F51 /* AppDelegate.swift */,
				FAC8BB2E266667AA00FE7F51 /* SceneDelegate.swift */,
				FAC8BB432666682C00FE7F51 /* FilterViewController */,
				FAC8BB41266667F700FE7F51 /* DrinksViewController */,
				FAC8BB32266667AA00FE7F51 /* Main.storyboard */,
				FAC8BB35266667AC00FE7F51 /* Assets.xcassets */,
				FAC8BB37266667AC00FE7F51 /* LaunchScreen.storyboard */,
				FAC8BB3A266667AC00FE7F51 /* Info.plist */,
			);
			path = CocktailDBTestApp;
			sourceTree = "<group>";
		};
		FAC8BB41266667F700FE7F51 /* DrinksViewController */ = {
			isa = PBXGroup;
			children = (
				FAC8BB5526667E9400FE7F51 /* Helpers */,
				FAC8BB5C2666A44B00FE7F51 /* View */,
				FAC8BB5226667D1500FE7F51 /* Model */,
				FAC8BB30266667AA00FE7F51 /* DrinksViewController.swift */,
			);
			path = DrinksViewController;
			sourceTree = "<group>";
		};
		FAC8BB432666682C00FE7F51 /* FilterViewController */ = {
			isa = PBXGroup;
			children = (
				FA5A498F2666CFF6005CC58E /* FilterViewController.swift */,
			);
			path = FilterViewController;
			sourceTree = "<group>";
		};
		FAC8BB5226667D1500FE7F51 /* Model */ = {
			isa = PBXGroup;
			children = (
				FAC8BB4A26667D0000FE7F51 /* Categories.swift */,
				FAC8BB4C26667D0100FE7F51 /* Drinks.swift */,
				FAC8BB4B26667D0000FE7F51 /* DrinksForCategory.swift */,
			);
			path = Model;
			sourceTree = "<group>";
		};
		FAC8BB5526667E9400FE7F51 /* Helpers */ = {
			isa = PBXGroup;
			children = (
				FAC8BB442666684B00FE7F51 /* NetworkManager.swift */,
				FAC8BB56266686CB00FE7F51 /* Settings.swift */,
				FA5A498C2666C5C2005CC58E /* Constraints.swift */,
			);
			path = Helpers;
			sourceTree = "<group>";
		};
		FAC8BB5C2666A44B00FE7F51 /* View */ = {
			isa = PBXGroup;
			children = (
				FAC8BB5D2666A47D00FE7F51 /* CustomImageView.swift */,
				FA5A49892666C582005CC58E /* FooterView.swift */,
				FAC8BB612666A4B400FE7F51 /* DrinkViewCell.swift */,
			);
			path = View;
			sourceTree = "<group>";
		};
/* End PBXGroup section */

/* Begin PBXNativeTarget section */
		FAC8BB28266667AA00FE7F51 /* CocktailDBTestApp */ = {
			isa = PBXNativeTarget;
			buildConfigurationList = FAC8BB3D266667AC00FE7F51 /* Build configuration list for PBXNativeTarget "CocktailDBTestApp" */;
			buildPhases = (
				FAC8BB25266667AA00FE7F51 /* Sources */,
				FAC8BB26266667AA00FE7F51 /* Frameworks */,
				FAC8BB27266667AA00FE7F51 /* Resources */,
			);
			buildRules = (
			);
			dependencies = (
			);
			name = CocktailDBTestApp;
			productName = CocktailDBTestApp;
			productReference = FAC8BB29266667AA00FE7F51 /* CocktailDBTestApp.app */;
			productType = "com.apple.product-type.application";
		};
/* End PBXNativeTarget section */

/* Begin PBXProject section */
		FAC8BB21266667AA00FE7F51 /* Project object */ = {
			isa = PBXProject;
			attributes = {
				LastSwiftUpdateCheck = 1230;
				LastUpgradeCheck = 1230;
				TargetAttributes = {
					FAC8BB28266667AA00FE7F51 = {
						CreatedOnToolsVersion = 12.3;
					};
				};
			};
			buildConfigurationList = FAC8BB24266667AA00FE7F51 /* Build configuration list for PBXProject "CocktailDBTestApp" */;
			compatibilityVersion = "Xcode 9.3";
			developmentRegion = en;
			hasScannedForEncodings = 0;
			knownRegions = (
				en,
				Base,
			);
			mainGroup = FAC8BB20266667AA00FE7F51;
			productRefGroup = FAC8BB2A266667AA00FE7F51 /* Products */;
			projectDirPath = "";
			projectRoot = "";
			targets = (
				FAC8BB28266667AA00FE7F51 /* CocktailDBTestApp */,
			);
		};
/* End PBXProject section */

/* Begin PBXResourcesBuildPhase section */
		FAC8BB27266667AA00FE7F51 /* Resources */ = {
			isa = PBXResourcesBuildPhase;
			buildActionMask = 2147483647;
			files = (
				FAC8BB39266667AC00FE7F51 /* LaunchScreen.storyboard in Resources */,
				FAC8BB36266667AC00FE7F51 /* Assets.xcassets in Resources */,
				FAC8BB34266667AA00FE7F51 /* Main.storyboard in Resources */,
			);
			runOnlyForDeploymentPostprocessing = 0;
		};
/* End PBXResourcesBuildPhase section */

/* Begin PBXSourcesBuildPhase section */
		FAC8BB25266667AA00FE7F51 /* Sources */ = {
			isa = PBXSourcesBuildPhase;
			buildActionMask = 2147483647;
			files = (
				FAC8BB4E26667D0100FE7F51 /* DrinksForCategory.swift in Sources */,
				FAC8BB5E2666A47D00FE7F51 /* CustomImageView.swift in Sources */,
				FAC8BB452666684B00FE7F51 /* NetworkManager.swift in Sources */,
				FAC8BB57266686CB00FE7F51 /* Settings.swift in Sources */,
				FA5A498D2666C5C2005CC58E /* Constraints.swift in Sources */,
				FAC8BB31266667AA00FE7F51 /* DrinksViewController.swift in Sources */,
				FAC8BB4D26667D0100FE7F51 /* Categories.swift in Sources */,
				FA5A49902666CFF6005CC58E /* FilterViewController.swift in Sources */,
				FA5A498A2666C582005CC58E /* FooterView.swift in Sources */,
				FAC8BB2D266667AA00FE7F51 /* AppDelegate.swift in Sources */,
				FAC8BB2F266667AA00FE7F51 /* SceneDelegate.swift in Sources */,
				FAC8BB4F26667D0100FE7F51 /* Drinks.swift in Sources */,
				FAC8BB622666A4B400FE7F51 /* DrinkViewCell.swift in Sources */,
			);
			runOnlyForDeploymentPostprocessing = 0;
		};
/* End PBXSourcesBuildPhase section */

/* Begin PBXVariantGroup section */
		FAC8BB32266667AA00FE7F51 /* Main.storyboard */ = {
			isa = PBXVariantGroup;
			children = (
				FAC8BB33266667AA00FE7F51 /* Base */,
			);
			name = Main.storyboard;
			sourceTree = "<group>";
		};
		FAC8BB37266667AC00FE7F51 /* LaunchScreen.storyboard */ = {
			isa = PBXVariantGroup;
			children = (
				FAC8BB38266667AC00FE7F51 /* Base */,
			);
			name = LaunchScreen.storyboard;
			sourceTree = "<group>";
		};
/* End PBXVariantGroup section */

/* Begin XCBuildConfiguration section */
		FAC8BB3B266667AC00FE7F51 /* Debug */ = {
			isa = XCBuildConfiguration;
			buildSettings = {
				ALWAYS_SEARCH_USER_PATHS = NO;
				CLANG_ANALYZER_NONNULL = YES;
				CLANG_ANALYZER_NUMBER_OBJECT_CONVERSION = YES_AGGRESSIVE;
				CLANG_CXX_LANGUAGE_STANDARD = "gnu++14";
				CLANG_CXX_LIBRARY = "libc++";
				CLANG_ENABLE_MODULES = YES;
				CLANG_ENABLE_OBJC_ARC = YES;
				CLANG_ENABLE_OBJC_WEAK = YES;
				CLANG_WARN_BLOCK_CAPTURE_AUTORELEASING = YES;
				CLANG_WARN_BOOL_CONVERSION = YES;
				CLANG_WARN_COMMA = YES;
				CLANG_WARN_CONSTANT_CONVERSION = YES;
				CLANG_WARN_DEPRECATED_OBJC_IMPLEMENTATIONS = YES;
				CLANG_WARN_DIRECT_OBJC_ISA_USAGE = YES_ERROR;
				CLANG_WARN_DOCUMENTATION_COMMENTS = YES;
				CLANG_WARN_EMPTY_BODY = YES;
				CLANG_WARN_ENUM_CONVERSION = YES;
				CLANG_WARN_INFINITE_RECURSION = YES;
				CLANG_WARN_INT_CONVERSION = YES;
				CLANG_WARN_NON_LITERAL_NULL_CONVERSION = YES;
				CLANG_WARN_OBJC_IMPLICIT_RETAIN_SELF = YES;
				CLANG_WARN_OBJC_LITERAL_CONVERSION = YES;
				CLANG_WARN_OBJC_ROOT_CLASS = YES_ERROR;
				CLANG_WARN_QUOTED_INCLUDE_IN_FRAMEWORK_HEADER = YES;
				CLANG_WARN_RANGE_LOOP_ANALYSIS = YES;
				CLANG_WARN_STRICT_PROTOTYPES = YES;
				CLANG_WARN_SUSPICIOUS_MOVE = YES;
				CLANG_WARN_UNGUARDED_AVAILABILITY = YES_AGGRESSIVE;
				CLANG_WARN_UNREACHABLE_CODE = YES;
				CLANG_WARN__DUPLICATE_METHOD_MATCH = YES;
				COPY_PHASE_STRIP = NO;
				DEBUG_INFORMATION_FORMAT = dwarf;
				ENABLE_STRICT_OBJC_MSGSEND = YES;
				ENABLE_TESTABILITY = YES;
				GCC_C_LANGUAGE_STANDARD = gnu11;
				GCC_DYNAMIC_NO_PIC = NO;
				GCC_NO_COMMON_BLOCKS = YES;
				GCC_OPTIMIZATION_LEVEL = 0;
				GCC_PREPROCESSOR_DEFINITIONS = (
					"DEBUG=1",
					"$(inherited)",
				);
				GCC_WARN_64_TO_32_BIT_CONVERSION = YES;
				GCC_WARN_ABOUT_RETURN_TYPE = YES_ERROR;
				GCC_WARN_UNDECLARED_SELECTOR = YES;
				GCC_WARN_UNINITIALIZED_AUTOS = YES_AGGRESSIVE;
				GCC_WARN_UNUSED_FUNCTION = YES;
				GCC_WARN_UNUSED_VARIABLE = YES;
				IPHONEOS_DEPLOYMENT_TARGET = 14.3;
				MTL_ENABLE_DEBUG_INFO = INCLUDE_SOURCE;
				MTL_FAST_MATH = YES;
				ONLY_ACTIVE_ARCH = YES;
				SDKROOT = iphoneos;
				SWIFT_ACTIVE_COMPILATION_CONDITIONS = DEBUG;
				SWIFT_OPTIMIZATION_LEVEL = "-Onone";
			};
			name = Debug;
		};
		FAC8BB3C266667AC00FE7F51 /* Release */ = {
			isa = XCBuildConfiguration;
			buildSettings = {
				ALWAYS_SEARCH_USER_PATHS = NO;
				CLANG_ANALYZER_NONNULL = YES;
				CLANG_ANALYZER_NUMBER_OBJECT_CONVERSION = YES_AGGRESSIVE;
				CLANG_CXX_LANGUAGE_STANDARD = "gnu++14";
				CLANG_CXX_LIBRARY = "libc++";
				CLANG_ENABLE_MODULES = YES;
				CLANG_ENABLE_OBJC_ARC = YES;
				CLANG_ENABLE_OBJC_WEAK = YES;
				CLANG_WARN_BLOCK_CAPTURE_AUTORELEASING = YES;
				CLANG_WARN_BOOL_CONVERSION = YES;
				CLANG_WARN_COMMA = YES;
				CLANG_WARN_CONSTANT_CONVERSION = YES;
				CLANG_WARN_DEPRECATED_OBJC_IMPLEMENTATIONS = YES;
				CLANG_WARN_DIRECT_OBJC_ISA_USAGE = YES_ERROR;
				CLANG_WARN_DOCUMENTATION_COMMENTS = YES;
				CLANG_WARN_EMPTY_BODY = YES;
				CLANG_WARN_ENUM_CONVERSION = YES;
				CLANG_WARN_INFINITE_RECURSION = YES;
				CLANG_WARN_INT_CONVERSION = YES;
				CLANG_WARN_NON_LITERAL_NULL_CONVERSION = YES;
				CLANG_WARN_OBJC_IMPLICIT_RETAIN_SELF = YES;
				CLANG_WARN_OBJC_LITERAL_CONVERSION = YES;
				CLANG_WARN_OBJC_ROOT_CLASS = YES_ERROR;
				CLANG_WARN_QUOTED_INCLUDE_IN_FRAMEWORK_HEADER = YES;
				CLANG_WARN_RANGE_LOOP_ANALYSIS = YES;
				CLANG_WARN_STRICT_PROTOTYPES = YES;
				CLANG_WARN_SUSPICIOUS_MOVE = YES;
				CLANG_WARN_UNGUARDED_AVAILABILITY = YES_AGGRESSIVE;
				CLANG_WARN_UNREACHABLE_CODE = YES;
				CLANG_WARN__DUPLICATE_METHOD_MATCH = YES;
				COPY_PHASE_STRIP = NO;
				DEBUG_INFORMATION_FORMAT = "dwarf-with-dsym";
				ENABLE_NS_ASSERTIONS = NO;
				ENABLE_STRICT_OBJC_MSGSEND = YES;
				GCC_C_LANGUAGE_STANDARD = gnu11;
				GCC_NO_COMMON_BLOCKS = YES;
				GCC_WARN_64_TO_32_BIT_CONVERSION = YES;
				GCC_WARN_ABOUT_RETURN_TYPE = YES_ERROR;
				GCC_WARN_UNDECLARED_SELECTOR = YES;
				GCC_WARN_UNINITIALIZED_AUTOS = YES_AGGRESSIVE;
				GCC_WARN_UNUSED_FUNCTION = YES;
				GCC_WARN_UNUSED_VARIABLE = YES;
				IPHONEOS_DEPLOYMENT_TARGET = 14.3;
				MTL_ENABLE_DEBUG_INFO = NO;
				MTL_FAST_MATH = YES;
				SDKROOT = iphoneos;
				SWIFT_COMPILATION_MODE = wholemodule;
				SWIFT_OPTIMIZATION_LEVEL = "-O";
				VALIDATE_PRODUCT = YES;
			};
			name = Release;
		};
		FAC8BB3E266667AC00FE7F51 /* Debug */ = {
			isa = XCBuildConfiguration;
			buildSettings = {
				ASSETCATALOG_COMPILER_APPICON_NAME = AppIcon;
				ASSETCATALOG_COMPILER_GLOBAL_ACCENT_COLOR_NAME = AccentColor;
				CODE_SIGN_IDENTITY = "Apple Development";
				CODE_SIGN_STYLE = Automatic;
				DEVELOPMENT_TEAM = 2X8YNNXF4Y;
				INFOPLIST_FILE = CocktailDBTestApp/Info.plist;
				LD_RUNPATH_SEARCH_PATHS = (
					"$(inherited)",
					"@executable_path/Frameworks",
				);
				PRODUCT_BUNDLE_IDENTIFIER = Blezin.testApp;
				PRODUCT_NAME = "$(TARGET_NAME)";
				PROVISIONING_PROFILE_SPECIFIER = "";
				SWIFT_VERSION = 5.0;
				TARGETED_DEVICE_FAMILY = "1,2";
			};
			name = Debug;
		};
		FAC8BB3F266667AC00FE7F51 /* Release */ = {
			isa = XCBuildConfiguration;
			buildSettings = {
				ASSETCATALOG_COMPILER_APPICON_NAME = AppIcon;
				ASSETCATALOG_COMPILER_GLOBAL_ACCENT_COLOR_NAME = AccentColor;
				CODE_SIGN_IDENTITY = "Apple Development";
				CODE_SIGN_STYLE = Automatic;
				DEVELOPMENT_TEAM = 2X8YNNXF4Y;
				INFOPLIST_FILE = CocktailDBTestApp/Info.plist;
				LD_RUNPATH_SEARCH_PATHS = (
					"$(inherited)",
					"@executable_path/Frameworks",
				);
				PRODUCT_BUNDLE_IDENTIFIER = Blezin.testApp;
				PRODUCT_NAME = "$(TARGET_NAME)";
				PROVISIONING_PROFILE_SPECIFIER = "";
				SWIFT_VERSION = 5.0;
				TARGETED_DEVICE_FAMILY = "1,2";
			};
			name = Release;
		};
/* End XCBuildConfiguration section */

/* Begin XCConfigurationList section */
		FAC8BB24266667AA00FE7F51 /* Build configuration list for PBXProject "CocktailDBTestApp" */ = {
			isa = XCConfigurationList;
			buildConfigurations = (
				FAC8BB3B266667AC00FE7F51 /* Debug */,
				FAC8BB3C266667AC00FE7F51 /* Release */,
			);
			defaultConfigurationIsVisible = 0;
			defaultConfigurationName = Release;
		};
		FAC8BB3D266667AC00FE7F51 /* Build configuration list for PBXNativeTarget "CocktailDBTestApp" */ = {
			isa = XCConfigurationList;
			buildConfigurations = (
				FAC8BB3E266667AC00FE7F51 /* Debug */,
				FAC8BB3F266667AC00FE7F51 /* Release */,
			);
			defaultConfigurationIsVisible = 0;
			defaultConfigurationName = Release;
		};
/* End XCConfigurationList section */
	};
	rootObject = FAC8BB21266667AA00FE7F51 /* Project object */;
}
